
Microsoft Visual Studio Solution File, Format Version 12.00
# Visual Studio 15
VisualStudioVersion = 15.0.26730.16
MinimumVisualStudioVersion = 10.0.40219.1
Project("{FAE04EC0-301F-11D3-BF4B-00C04F79EFBC}") = "WordConverterAPI", "WordConverterAPI\WordConverterAPI.csproj", "{8BE45AD3-8DFC-4A7B-A9AC-EFF0A72A84DA}"
EndProject
Project("{FAE04EC0-301F-11D3-BF4B-00C04F79EFBC}") = "WordConverterAPI.Tests", "WordConverterAPI.Tests\WordConverterAPI.Tests.csproj", "{1338E8D1-8C26-4957-94D2-046C84104A66}"
EndProject
Project("{FAE04EC0-301F-11D3-BF4B-00C04F79EFBC}") = "WordConverterLibrary", "WordConverterLibrary\WordConverterLibrary.csproj", "{8CACEC1F-DAD4-4FE5-8EC1-5FF3B1A3906A}"
EndProject
Project("{FAE04EC0-301F-11D3-BF4B-00C04F79EFBC}") = "Kernel", "Kernel\Kernel.csproj", "{83B0CB19-1A17-413F-9047-2D36DFFC62C3}"
EndProject
Global
	GlobalSection(SolutionConfigurationPlatforms) = preSolution
		Debug|Any CPU = Debug|Any CPU
		Release|Any CPU = Release|Any CPU
	EndGlobalSection
	GlobalSection(ProjectConfigurationPlatforms) = postSolution
		{8BE45AD3-8DFC-4A7B-A9AC-EFF0A72A84DA}.Debug|Any CPU.ActiveCfg = Debug|Any CPU
		{8BE45AD3-8DFC-4A7B-A9AC-EFF0A72A84DA}.Debug|Any CPU.Build.0 = Debug|Any CPU
		{8BE45AD3-8DFC-4A7B-A9AC-EFF0A72A84DA}.Release|Any CPU.ActiveCfg = Release|Any CPU
		{8BE45AD3-8DFC-4A7B-A9AC-EFF0A72A84DA}.Release|Any CPU.Build.0 = Release|Any CPU
		{1338E8D1-8C26-4957-94D2-046C84104A66}.Debug|Any CPU.ActiveCfg = Debug|Any CPU
		{1338E8D1-8C26-4957-94D2-046C84104A66}.Debug|Any CPU.Build.0 = Debug|Any CPU
		{1338E8D1-8C26-4957-94D2-046C84104A66}.Release|Any CPU.ActiveCfg = Release|Any CPU
		{1338E8D1-8C26-4957-94D2-046C84104A66}.Release|Any CPU.Build.0 = Release|Any CPU
		{8CACEC1F-DAD4-4FE5-8EC1-5FF3B1A3906A}.Debug|Any CPU.ActiveCfg = Debug|Any CPU
		{8CACEC1F-DAD4-4FE5-8EC1-5FF3B1A3906A}.Debug|Any CPU.Build.0 = Debug|Any CPU
		{8CACEC1F-DAD4-4FE5-8EC1-5FF3B1A3906A}.Release|Any CPU.ActiveCfg = Release|Any CPU
		{8CACEC1F-DAD4-4FE5-8EC1-5FF3B1A3906A}.Release|Any CPU.Build.0 = Release|Any CPU
		{83B0CB19-1A17-413F-9047-2D36DFFC62C3}.Debug|Any CPU.ActiveCfg = Debug|Any CPU
		{83B0CB19-1A17-413F-9047-2D36DFFC62C3}.Debug|Any CPU.Build.0 = Debug|Any CPU
		{83B0CB19-1A17-413F-9047-2D36DFFC62C3}.Release|Any CPU.ActiveCfg = Release|Any CPU
		{83B0CB19-1A17-413F-9047-2D36DFFC62C3}.Release|Any CPU.Build.0 = Release|Any CPU
	EndGlobalSection
	GlobalSection(SolutionProperties) = preSolution
		HideSolutionNode = FALSE
	EndGlobalSection
	GlobalSection(ExtensibilityGlobals) = postSolution
		SolutionGuid = {C1A9F3E2-CEB2-4722-A67A-AC5ABCC91CF8}
	EndGlobalSection
EndGlobal
